
Microsoft Visual Studio Solution File, Format Version 12.00
# Visual Studio Version 16
VisualStudioVersion = 25.0.1700.0
MinimumVisualStudioVersion = 10.0.40219.1
Project("{FAE04EC0-301F-11D3-BF4B-00C04F79EFBC}") = "Lesson3", "Lesson3\Lesson3.csproj", "{DEFC44CF-C034-41B1-937B-C085671AF1E1}"
EndProject
Global
	GlobalSection(SolutionConfigurationPlatforms) = preSolution
		Debug|Any CPU = Debug|Any CPU
		Release|Any CPU = Release|Any CPU
	EndGlobalSection
	GlobalSection(ProjectConfigurationPlatforms) = postSolution
		{DEFC44CF-C034-41B1-937B-C085671AF1E1}.Debug|Any CPU.ActiveCfg = Debug|Any CPU
		{DEFC44CF-C034-41B1-937B-C085671AF1E1}.Debug|Any CPU.Build.0 = Debug|Any CPU
		{DEFC44CF-C034-41B1-937B-C085671AF1E1}.Release|Any CPU.ActiveCfg = Release|Any CPU
		{DEFC44CF-C034-41B1-937B-C085671AF1E1}.Release|Any CPU.Build.0 = Release|Any CPU
	EndGlobalSection
	GlobalSection(SolutionProperties) = preSolution
		HideSolutionNode = FALSE
	EndGlobalSection
	GlobalSection(ExtensibilityGlobals) = postSolution
		SolutionGuid = {B36E78A3-0390-4A08-A710-AED5822217A9}
	EndGlobalSection
EndGlobal
